
Microsoft Visual Studio Solution File, Format Version 11.00
# Visual Studio 2010
Project("{FAE04EC0-301F-11D3-BF4B-00C04F79EFBC}") = "SharpIM.Server", "SharpIM.Server\SharpIM.Server.csproj", "{C7B44D26-E618-489F-837B-310D66F6F881}"
EndProject
Project("{FAE04EC0-301F-11D3-BF4B-00C04F79EFBC}") = "SharpIM.Client", "SharpIM.Client\SharpIM.Client.csproj", "{5A65F25A-9007-49F9-B900-DDA932A19B5F}"
EndProject
Project("{2150E333-8FDC-42A3-9474-1A3956D46DE8}") = "Solution Items", "Solution Items", "{96BBBE58-9847-4DA2-9999-20A6190C0FEC}"
EndProject
Global
	GlobalSection(SolutionConfigurationPlatforms) = preSolution
		Debug|Any CPU = Debug|Any CPU
		Debug|Mixed Platforms = Debug|Mixed Platforms
		Debug|x86 = Debug|x86
		Release|Any CPU = Release|Any CPU
		Release|Mixed Platforms = Release|Mixed Platforms
		Release|x86 = Release|x86
	EndGlobalSection
	GlobalSection(ProjectConfigurationPlatforms) = postSolution
		{5A65F25A-9007-49F9-B900-DDA932A19B5F}.Debug|Any CPU.ActiveCfg = Debug|Any CPU
		{5A65F25A-9007-49F9-B900-DDA932A19B5F}.Debug|Any CPU.Build.0 = Debug|Any CPU
		{5A65F25A-9007-49F9-B900-DDA932A19B5F}.Debug|Mixed Platforms.ActiveCfg = Debug|Any CPU
		{5A65F25A-9007-49F9-B900-DDA932A19B5F}.Debug|Mixed Platforms.Build.0 = Debug|Any CPU
		{5A65F25A-9007-49F9-B900-DDA932A19B5F}.Debug|x86.ActiveCfg = Debug|Any CPU
		{5A65F25A-9007-49F9-B900-DDA932A19B5F}.Release|Any CPU.ActiveCfg = Release|Any CPU
		{5A65F25A-9007-49F9-B900-DDA932A19B5F}.Release|Any CPU.Build.0 = Release|Any CPU
		{5A65F25A-9007-49F9-B900-DDA932A19B5F}.Release|Mixed Platforms.ActiveCfg = Release|Any CPU
		{5A65F25A-9007-49F9-B900-DDA932A19B5F}.Release|Mixed Platforms.Build.0 = Release|Any CPU
		{5A65F25A-9007-49F9-B900-DDA932A19B5F}.Release|x86.ActiveCfg = Release|Any CPU
		{C7B44D26-E618-489F-837B-310D66F6F881}.Debug|Any CPU.ActiveCfg = Debug|Any CPU
		{C7B44D26-E618-489F-837B-310D66F6F881}.Debug|Any CPU.Build.0 = Debug|Any CPU
		{C7B44D26-E618-489F-837B-310D66F6F881}.Debug|Mixed Platforms.ActiveCfg = Debug|Any CPU
		{C7B44D26-E618-489F-837B-310D66F6F881}.Debug|Mixed Platforms.Build.0 = Debug|Any CPU
		{C7B44D26-E618-489F-837B-310D66F6F881}.Debug|x86.ActiveCfg = Debug|Any CPU
		{C7B44D26-E618-489F-837B-310D66F6F881}.Release|Any CPU.ActiveCfg = Release|Any CPU
		{C7B44D26-E618-489F-837B-310D66F6F881}.Release|Any CPU.Build.0 = Release|Any CPU
		{C7B44D26-E618-489F-837B-310D66F6F881}.Release|Mixed Platforms.ActiveCfg = Release|Any CPU
		{C7B44D26-E618-489F-837B-310D66F6F881}.Release|Mixed Platforms.Build.0 = Release|Any CPU
		{C7B44D26-E618-489F-837B-310D66F6F881}.Release|x86.ActiveCfg = Release|Any CPU
	EndGlobalSection
	GlobalSection(NestedProjects) = preSolution
	EndGlobalSection
	GlobalSection(MonoDevelopProperties) = preSolution
		StartupItem = SharpIM.Server\SharpIM.Server.csproj
	EndGlobalSection
	GlobalSection(SolutionProperties) = preSolution
		HideSolutionNode = FALSE
	EndGlobalSection
EndGlobal
